
Microsoft Visual Studio Solution File, Format Version 12.00
# Visual Studio Version 17
VisualStudioVersion = 17.6.33712.159
MinimumVisualStudioVersion = 10.0.40219.1
Project("{FAE04EC0-301F-11D3-BF4B-00C04F79EFBC}") = "ZooManagementSystem", "ZooManagementSystem\ZooManagementSystem.csproj", "{B17E180C-DC7F-4472-9F6E-A95E43CA2B39}"
EndProject
Project("{FAE04EC0-301F-11D3-BF4B-00C04F79EFBC}") = "ZMS.Models", "ZooManagementSystem.Models\ZMS.Models.csproj", "{C2CDCDB6-76B2-4CD7-81C1-E8642143C993}"
EndProject
Project("{FAE04EC0-301F-11D3-BF4B-00C04F79EFBC}") = "ZMS.Databases", "ZooManagementSystem.Databases\ZMS.Databases.csproj", "{F3F5256A-22F1-4D4B-8BA2-288D1FB843C7}"
EndProject
Project("{FAE04EC0-301F-11D3-BF4B-00C04F79EFBC}") = "ZMS.Services", "ZooManagementSystem.Services\ZMS.Services.csproj", "{092FB307-A307-45CE-B9CA-4CE24F70B5F8}"
EndProject
Project("{FAE04EC0-301F-11D3-BF4B-00C04F79EFBC}") = "ZMS.ViewModels", "ZooManagementSystem.ViewModels\ZMS.ViewModels.csproj", "{559FA4EF-E7DF-4D4C-B1A8-85DD549CA02A}"
EndProject
Global
	GlobalSection(SolutionConfigurationPlatforms) = preSolution
		Debug|Any CPU = Debug|Any CPU
		Release|Any CPU = Release|Any CPU
	EndGlobalSection
	GlobalSection(ProjectConfigurationPlatforms) = postSolution
		{B17E180C-DC7F-4472-9F6E-A95E43CA2B39}.Debug|Any CPU.ActiveCfg = Debug|Any CPU
		{B17E180C-DC7F-4472-9F6E-A95E43CA2B39}.Debug|Any CPU.Build.0 = Debug|Any CPU
		{B17E180C-DC7F-4472-9F6E-A95E43CA2B39}.Release|Any CPU.ActiveCfg = Release|Any CPU
		{B17E180C-DC7F-4472-9F6E-A95E43CA2B39}.Release|Any CPU.Build.0 = Release|Any CPU
		{C2CDCDB6-76B2-4CD7-81C1-E8642143C993}.Debug|Any CPU.ActiveCfg = Debug|Any CPU
		{C2CDCDB6-76B2-4CD7-81C1-E8642143C993}.Debug|Any CPU.Build.0 = Debug|Any CPU
		{C2CDCDB6-76B2-4CD7-81C1-E8642143C993}.Release|Any CPU.ActiveCfg = Release|Any CPU
		{C2CDCDB6-76B2-4CD7-81C1-E8642143C993}.Release|Any CPU.Build.0 = Release|Any CPU
		{F3F5256A-22F1-4D4B-8BA2-288D1FB843C7}.Debug|Any CPU.ActiveCfg = Debug|Any CPU
		{F3F5256A-22F1-4D4B-8BA2-288D1FB843C7}.Debug|Any CPU.Build.0 = Debug|Any CPU
		{F3F5256A-22F1-4D4B-8BA2-288D1FB843C7}.Release|Any CPU.ActiveCfg = Release|Any CPU
		{F3F5256A-22F1-4D4B-8BA2-288D1FB843C7}.Release|Any CPU.Build.0 = Release|Any CPU
		{092FB307-A307-45CE-B9CA-4CE24F70B5F8}.Debug|Any CPU.ActiveCfg = Debug|Any CPU
		{092FB307-A307-45CE-B9CA-4CE24F70B5F8}.Debug|Any CPU.Build.0 = Debug|Any CPU
		{092FB307-A307-45CE-B9CA-4CE24F70B5F8}.Release|Any CPU.ActiveCfg = Release|Any CPU
		{092FB307-A307-45CE-B9CA-4CE24F70B5F8}.Release|Any CPU.Build.0 = Release|Any CPU
		{559FA4EF-E7DF-4D4C-B1A8-85DD549CA02A}.Debug|Any CPU.ActiveCfg = Debug|Any CPU
		{559FA4EF-E7DF-4D4C-B1A8-85DD549CA02A}.Debug|Any CPU.Build.0 = Debug|Any CPU
		{559FA4EF-E7DF-4D4C-B1A8-85DD549CA02A}.Release|Any CPU.ActiveCfg = Release|Any CPU
		{559FA4EF-E7DF-4D4C-B1A8-85DD549CA02A}.Release|Any CPU.Build.0 = Release|Any CPU
	EndGlobalSection
	GlobalSection(SolutionProperties) = preSolution
		HideSolutionNode = FALSE
	EndGlobalSection
	GlobalSection(ExtensibilityGlobals) = postSolution
		SolutionGuid = {C47F7107-F95E-4DAD-A273-FDFCBF3F8404}
	EndGlobalSection
EndGlobal
